<?xml version="1.0" encoding="utf-8"?>
<Project ToolsVersion="4.0" xmlns="http://schemas.microsoft.com/developer/msbuild/2003">
  <ItemGroup>
    <ClCompile Include="src\battery\Battery.cpp">
      <Filter>Source Files</Filter>
    </ClCompile>
    <ClCompile Include="src\charging\ChargingBaseClass.cpp">
      <Filter>Source Files</Filter>
    </ClCompile>
    <ClCompile Include="src\charging\ChargingDistributed.cpp">
      <Filter>Source Files</Filter>
    </ClCompile>
    <ClCompile Include="src\charging\ChargingEqualShares.cpp">
      <Filter>Source Files</Filter>
    </ClCompile>
    <ClCompile Include="src\charging\ChargingTOU.cpp">
      <Filter>Source Files</Filter>
    </ClCompile>
    <ClCompile Include="src\charging\ChargingUncontrolled.cpp">
      <Filter>Source Files</Filter>
    </ClCompile>
    <ClCompile Include="src\gridmodel\GridModel.cpp">
      <Filter>Source Files</Filter>
    </ClCompile>
    <ClCompile Include="src\household\Household.cpp">
      <Filter>Source Files</Filter>
    </ClCompile>
    <ClCompile Include="src\household\HouseholdDemandModel.cpp">
      <Filter>Source Files</Filter>
    </ClCompile>
    <ClCompile Include="src\loadflow\MatlabInterface.cpp">
      <Filter>Source Files</Filter>
    </ClCompile>
    <ClCompile Include="src\loadflow\TestingInterface.cpp">
      <Filter>Source Files</Filter>
    </ClCompile>
    <ClCompile Include="src\main.cpp">
      <Filter>Source Files</Filter>
    </ClCompile>
    <ClCompile Include="src\simulator\Config.cpp">
      <Filter>Source Files</Filter>
    </ClCompile>
    <ClCompile Include="src\simulator\Logging.cpp">
      <Filter>Source Files</Filter>
    </ClCompile>
    <ClCompile Include="src\simulator\Simulator.cpp">
      <Filter>Source Files</Filter>
    </ClCompile>
    <ClCompile Include="src\spotprice\SpotPrice.cpp">
      <Filter>Source Files</Filter>
    </ClCompile>
    <ClCompile Include="src\utility\DateTime.cpp">
      <Filter>Source Files</Filter>
    </ClCompile>
    <ClCompile Include="src\utility\Power.cpp">
      <Filter>Source Files</Filter>
    </ClCompile>
    <ClCompile Include="src\utility\Utility.cpp">
      <Filter>Source Files</Filter>
    </ClCompile>
    <ClCompile Include="src\vehicle\TrafficModel.cpp">
      <Filter>Source Files</Filter>
    </ClCompile>
    <ClCompile Include="src\vehicle\Vehicle.cpp">
      <Filter>Source Files</Filter>
    </ClCompile>
  </ItemGroup>
  <ItemGroup>
    <ClInclude Include="src\battery\Battery.h">
      <Filter>Header Files</Filter>
    </ClInclude>
    <ClInclude Include="src\charging\ChargingBaseClass.h">
      <Filter>Header Files</Filter>
    </ClInclude>
    <ClInclude Include="src\charging\ChargingDistributed.h">
      <Filter>Header Files</Filter>
    </ClInclude>
    <ClInclude Include="src\charging\ChargingEqualShares.h">
      <Filter>Header Files</Filter>
    </ClInclude>
    <ClInclude Include="src\charging\ChargingTOU.h">
      <Filter>Header Files</Filter>
    </ClInclude>
    <ClInclude Include="src\charging\ChargingUncontrolled.h">
      <Filter>Header Files</Filter>
    </ClInclude>
    <ClInclude Include="src\gridmodel\DistributionTransformer.h">
      <Filter>Header Files</Filter>
    </ClInclude>
    <ClInclude Include="src\gridmodel\Feeder.h">
      <Filter>Header Files</Filter>
    </ClInclude>
    <ClInclude Include="src\gridmodel\GridModel.h">
      <Filter>Header Files</Filter>
    </ClInclude>
    <ClInclude Include="src\gridmodel\NetworkData.h">
      <Filter>Header Files</Filter>
    </ClInclude>
    <ClInclude Include="src\household\Household.h">
      <Filter>Header Files</Filter>
    </ClInclude>
    <ClInclude Include="src\household\HouseholdDemandModel.h">
      <Filter>Header Files</Filter>
    </ClInclude>
    <ClInclude Include="src\loadflow\LoadFlowInterface.h">
      <Filter>Header Files</Filter>
    </ClInclude>
    <ClInclude Include="src\loadflow\MatlabInterface.h">
      <Filter>Header Files</Filter>
    </ClInclude>
    <ClInclude Include="src\loadflow\TestingInterface.h">
      <Filter>Header Files</Filter>
    </ClInclude>
    <ClInclude Include="src\simulator\Config.h">
      <Filter>Header Files</Filter>
    </ClInclude>
    <ClInclude Include="src\simulator\Logging.h">
      <Filter>Header Files</Filter>
    </ClInclude>
    <ClInclude Include="src\simulator\Simulator.h">
      <Filter>Header Files</Filter>
    </ClInclude>
    <ClInclude Include="src\spotprice\SpotPrice.h">
      <Filter>Header Files</Filter>
    </ClInclude>
    <ClInclude Include="src\utility\DateTime.h">
      <Filter>Header Files</Filter>
    </ClInclude>
    <ClInclude Include="src\utility\Power.h">
      <Filter>Header Files</Filter>
    </ClInclude>
    <ClInclude Include="src\utility\Utility.h">
      <Filter>Header Files</Filter>
    </ClInclude>
    <ClInclude Include="src\vehicle\TrafficModel.h">
      <Filter>Header Files</Filter>
    </ClInclude>
    <ClInclude Include="src\vehicle\Vehicle.h">
      <Filter>Header Files</Filter>
    </ClInclude>
  </ItemGroup>
  <ItemGroup>
    <CustomBuild Include="CMakeLists.txt" />
  </ItemGroup>
  <ItemGroup>
    <Filter Include="Source Files">
      <UniqueIdentifier>{E0C261FB-0CA6-4008-97C5-46CD9BC377A8}</UniqueIdentifier>
    </Filter>
    <Filter Include="Header Files">
      <UniqueIdentifier>{5A35D1D7-21A6-411A-9443-CD9EF6139A79}</UniqueIdentifier>
    </Filter>
  </ItemGroup>
</Project>
