Microsoft Visual Studio Solution File, Format Version 11.00
# Visual Studio 2010
Project("{8BC9CEB8-8B4A-11D0-8D11-00A0C91BC942}") = "ALL_BUILD", "ALL_BUILD.vcxproj", "{595E815A-72CB-410D-B011-B0A2442BAB90}"
	ProjectSection(ProjectDependencies) = postProject
		{50985416-D130-48A0-9AD5-6B55544A3597} = {50985416-D130-48A0-9AD5-6B55544A3597}
		{F0D5DA9B-2A86-4473-B2E1-BBB437CEE09C} = {F0D5DA9B-2A86-4473-B2E1-BBB437CEE09C}
	EndProjectSection
EndProject
Project("{8BC9CEB8-8B4A-11D0-8D11-00A0C91BC942}") = "INSTALL", "INSTALL.vcxproj", "{967C6265-F6EA-4FB7-919B-8253CC740FD1}"
	ProjectSection(ProjectDependencies) = postProject
		{595E815A-72CB-410D-B011-B0A2442BAB90} = {595E815A-72CB-410D-B011-B0A2442BAB90}
	EndProjectSection
EndProject
Project("{8BC9CEB8-8B4A-11D0-8D11-00A0C91BC942}") = "ZERO_CHECK", "ZERO_CHECK.vcxproj", "{50985416-D130-48A0-9AD5-6B55544A3597}"
	ProjectSection(ProjectDependencies) = postProject
	EndProjectSection
EndProject
Project("{8BC9CEB8-8B4A-11D0-8D11-00A0C91BC942}") = "possim", "possim.vcxproj", "{F0D5DA9B-2A86-4473-B2E1-BBB437CEE09C}"
	ProjectSection(ProjectDependencies) = postProject
		{50985416-D130-48A0-9AD5-6B55544A3597} = {50985416-D130-48A0-9AD5-6B55544A3597}
	EndProjectSection
EndProject
Global
	GlobalSection(SolutionConfigurationPlatforms) = preSolution
		Debug|Win32 = Debug|Win32
		Release|Win32 = Release|Win32
		MinSizeRel|Win32 = MinSizeRel|Win32
		RelWithDebInfo|Win32 = RelWithDebInfo|Win32
	EndGlobalSection
	GlobalSection(ProjectConfigurationPlatforms) = postSolution
		{595E815A-72CB-410D-B011-B0A2442BAB90}.Debug|Win32.ActiveCfg = Debug|Win32
		{595E815A-72CB-410D-B011-B0A2442BAB90}.Debug|Win32.Build.0 = Debug|Win32
		{595E815A-72CB-410D-B011-B0A2442BAB90}.Release|Win32.ActiveCfg = Release|Win32
		{595E815A-72CB-410D-B011-B0A2442BAB90}.Release|Win32.Build.0 = Release|Win32
		{595E815A-72CB-410D-B011-B0A2442BAB90}.MinSizeRel|Win32.ActiveCfg = MinSizeRel|Win32
		{595E815A-72CB-410D-B011-B0A2442BAB90}.MinSizeRel|Win32.Build.0 = MinSizeRel|Win32
		{595E815A-72CB-410D-B011-B0A2442BAB90}.RelWithDebInfo|Win32.ActiveCfg = RelWithDebInfo|Win32
		{595E815A-72CB-410D-B011-B0A2442BAB90}.RelWithDebInfo|Win32.Build.0 = RelWithDebInfo|Win32
		{967C6265-F6EA-4FB7-919B-8253CC740FD1}.Debug|Win32.ActiveCfg = Debug|Win32
		{967C6265-F6EA-4FB7-919B-8253CC740FD1}.Release|Win32.ActiveCfg = Release|Win32
		{967C6265-F6EA-4FB7-919B-8253CC740FD1}.MinSizeRel|Win32.ActiveCfg = MinSizeRel|Win32
		{967C6265-F6EA-4FB7-919B-8253CC740FD1}.RelWithDebInfo|Win32.ActiveCfg = RelWithDebInfo|Win32
		{50985416-D130-48A0-9AD5-6B55544A3597}.Debug|Win32.ActiveCfg = Debug|Win32
		{50985416-D130-48A0-9AD5-6B55544A3597}.Debug|Win32.Build.0 = Debug|Win32
		{50985416-D130-48A0-9AD5-6B55544A3597}.Release|Win32.ActiveCfg = Release|Win32
		{50985416-D130-48A0-9AD5-6B55544A3597}.Release|Win32.Build.0 = Release|Win32
		{50985416-D130-48A0-9AD5-6B55544A3597}.MinSizeRel|Win32.ActiveCfg = MinSizeRel|Win32
		{50985416-D130-48A0-9AD5-6B55544A3597}.MinSizeRel|Win32.Build.0 = MinSizeRel|Win32
		{50985416-D130-48A0-9AD5-6B55544A3597}.RelWithDebInfo|Win32.ActiveCfg = RelWithDebInfo|Win32
		{50985416-D130-48A0-9AD5-6B55544A3597}.RelWithDebInfo|Win32.Build.0 = RelWithDebInfo|Win32
		{F0D5DA9B-2A86-4473-B2E1-BBB437CEE09C}.Debug|Win32.ActiveCfg = Debug|Win32
		{F0D5DA9B-2A86-4473-B2E1-BBB437CEE09C}.Debug|Win32.Build.0 = Debug|Win32
		{F0D5DA9B-2A86-4473-B2E1-BBB437CEE09C}.Release|Win32.ActiveCfg = Release|Win32
		{F0D5DA9B-2A86-4473-B2E1-BBB437CEE09C}.Release|Win32.Build.0 = Release|Win32
		{F0D5DA9B-2A86-4473-B2E1-BBB437CEE09C}.MinSizeRel|Win32.ActiveCfg = MinSizeRel|Win32
		{F0D5DA9B-2A86-4473-B2E1-BBB437CEE09C}.MinSizeRel|Win32.Build.0 = MinSizeRel|Win32
		{F0D5DA9B-2A86-4473-B2E1-BBB437CEE09C}.RelWithDebInfo|Win32.ActiveCfg = RelWithDebInfo|Win32
		{F0D5DA9B-2A86-4473-B2E1-BBB437CEE09C}.RelWithDebInfo|Win32.Build.0 = RelWithDebInfo|Win32
	EndGlobalSection
	GlobalSection(ExtensibilityGlobals) = postSolution
	EndGlobalSection
	GlobalSection(ExtensibilityAddIns) = postSolution
	EndGlobalSection
EndGlobal
